{
  "name": "miniprogram",
  "lockfileVersion": 3,
  "requires": true,
  "packages": {
    "": {
      "dependencies": {
        "tdesign-miniprogram": "^1.15.1"
      }
    },
    "node_modules/tdesign-miniprogram": {
      "version": "1.15.1",
      "resolved": "https://registry.npmmirror.com/tdesign-miniprogram/-/tdesign-miniprogram-1.15.1.tgz",
      "integrity": "sha512-RTqsiNplYU3lLmpPFzIsT1WgfX226F8Xw6siWJ2B9iR1JYblMTxX6WniT0hl5vgS2J9lMYNjo06BIGPuGov2UA==",
      "license": "MIT"
    }
  }
}
